{"filter":false,"title":"Gemfile.lock","tooltip":"/Hora_ARMS/Gemfile.lock","undoManager":{"mark":-1,"position":-1,"stack":[]},"ace":{"folds":[],"scrolltop":1987,"scrollleft":0,"selection":{"start":{"row":155,"column":4},"end":{"row":155,"column":9},"isBackwards":false},"options":{"guessTabSize":true,"useWrapMode":false,"wrapToView":true},"firstLineState":{"row":140,"state":"start","mode":"ace/mode/text"}},"hash":"44803633c0519fbb17c9fbf43182b3b5ba03e5c5","mime":"application/octet-stream","timestamp":1687590913454}